
Microsoft Visual Studio Solution File, Format Version 12.00
# Visual Studio Version 16
VisualStudioVersion = 16.0.31702.278
MinimumVisualStudioVersion = 10.0.40219.1
Project("{D954291E-2A0B-460D-934E-DC6B0785DB48}") = "Tensorflow.Lite.Net.Shared", "Tensorflow.Lite.Net.Shared\Tensorflow.Lite.Net.Shared.shproj", "{34C8D276-FA02-4A45-BA97-78BF6B9FC882}"
EndProject
Project("{9A19103F-16F7-4668-BE54-9A1E7A4F7556}") = "Tensorflow.Lite.Net.Standard", "Tensorflow.Lite.Net.Standard\Tensorflow.Lite.Net.Standard.csproj", "{61C135D6-26AE-45B8-8302-FC2B8306D658}"
EndProject
Project("{FAE04EC0-301F-11D3-BF4B-00C04F79EFBC}") = "Tensorflow.Lite.Net.Windows", "Tensorflow.Lite.Net.UWP\Tensorflow.Lite.Net.Windows.csproj", "{86F859DC-4097-4E32-A48B-06A579E181F2}"
EndProject
Project("{2150E333-8FDC-42A3-9474-1A3956D46DE8}") = "Solution Items", "Solution Items", "{BB9EAA57-9FB4-4BC6-9086-A7415529CCC9}"
	ProjectSection(SolutionItems) = preProject
		TensorflowLiteNet.nuspec = TensorflowLiteNet.nuspec
	EndProjectSection
EndProject
Project("{FAE04EC0-301F-11D3-BF4B-00C04F79EFBC}") = "Tensorflow.Lite.Net.Android", "Tensorflow.Lite.Net.Android\Tensorflow.Lite.Net.Android.csproj", "{0B9F9F3F-D05D-4420-A87B-ADAA73D48E30}"
EndProject
Project("{FAE04EC0-301F-11D3-BF4B-00C04F79EFBC}") = "Tensorflow.Lite.Net.Forms.UWP", "Tensorflow.Lite.Net.Forms\Tensorflow.Lite.Net.Forms.UWP\Tensorflow.Lite.Net.Forms.UWP.csproj", "{988DC41F-CBDC-4AE3-9F9D-3F63BF5F0032}"
EndProject
Project("{FAE04EC0-301F-11D3-BF4B-00C04F79EFBC}") = "Tensorflow.Lite.Net.Forms.Android", "Tensorflow.Lite.Net.Forms\Tensorflow.Lite.Net.Forms.Android\Tensorflow.Lite.Net.Forms.Android.csproj", "{6E2B0C44-9B92-4B43-AACE-74BB1EF84429}"
EndProject
Project("{FAE04EC0-301F-11D3-BF4B-00C04F79EFBC}") = "Tensorflow.Lite.Net.Forms.iOS", "Tensorflow.Lite.Net.Forms\Tensorflow.Lite.Net.Forms.iOS\Tensorflow.Lite.Net.Forms.iOS.csproj", "{F2AFB552-0D9E-4CD3-997B-CDA4D3227B6E}"
EndProject
Project("{9A19103F-16F7-4668-BE54-9A1E7A4F7556}") = "Tensorflow.Lite.Net.Forms", "Tensorflow.Lite.Net.Forms\Tensorflow.Lite.Net.Forms\Tensorflow.Lite.Net.Forms.csproj", "{E360925A-BCA3-4AC6-A404-1CDD25D1A259}"
EndProject
Project("{9A19103F-16F7-4668-BE54-9A1E7A4F7556}") = "Tensorflow.Lite.Net.Forms.WPF", "Tensorflow.Lite.Net.Forms\Tensorflow.Lite.Net.Forms.WPF\Tensorflow.Lite.Net.Forms.WPF.csproj", "{D14CBD0C-9D1E-4238-AF0B-6E201AC706E2}"
EndProject
Project("{FAE04EC0-301F-11D3-BF4B-00C04F79EFBC}") = "Tensorflow.Lite.Net.iOS", "Tensorflow.Lite.Net.iOS\Tensorflow.Lite.Net.iOS.csproj", "{182C802B-19E3-46E3-84F8-FDC7FDCD0012}"
EndProject
Project("{2150E333-8FDC-42A3-9474-1A3956D46DE8}") = "Examples", "Examples", "{820D6C80-120C-441F-80AC-0B84F6A6AFA7}"
EndProject
Project("{FAE04EC0-301F-11D3-BF4B-00C04F79EFBC}") = "Tensorflow.Net.Lite.ConsoleDemo", "Tensorflow.Net.Lite.ConsoleDemo\Tensorflow.Net.Lite.ConsoleDemo.csproj", "{FCBBB45A-6495-4895-9AAC-F7E1F2889394}"
EndProject
Global
	GlobalSection(SharedMSBuildProjectFiles) = preSolution
		Tensorflow.Lite.Net.Shared\Tensorflow.Lite.Net.Shared.projitems*{0b9f9f3f-d05d-4420-a87b-adaa73d48e30}*SharedItemsImports = 4
		Tensorflow.Lite.Net.Shared\Tensorflow.Lite.Net.Shared.projitems*{182c802b-19e3-46e3-84f8-fdc7fdcd0012}*SharedItemsImports = 4
		Tensorflow.Lite.Net.Shared\Tensorflow.Lite.Net.Shared.projitems*{34c8d276-fa02-4a45-ba97-78bf6b9fc882}*SharedItemsImports = 13
		Tensorflow.Lite.Net.Shared\Tensorflow.Lite.Net.Shared.projitems*{61c135d6-26ae-45b8-8302-fc2b8306d658}*SharedItemsImports = 5
		Tensorflow.Lite.Net.Shared\Tensorflow.Lite.Net.Shared.projitems*{86f859dc-4097-4e32-a48b-06a579e181f2}*SharedItemsImports = 4
	EndGlobalSection
	GlobalSection(SolutionConfigurationPlatforms) = preSolution
		Debug|Any CPU = Debug|Any CPU
		Debug|ARM = Debug|ARM
		Debug|ARM64 = Debug|ARM64
		Debug|iPhone = Debug|iPhone
		Debug|iPhoneSimulator = Debug|iPhoneSimulator
		Debug|x64 = Debug|x64
		Debug|x86 = Debug|x86
		Release|Any CPU = Release|Any CPU
		Release|ARM = Release|ARM
		Release|ARM64 = Release|ARM64
		Release|iPhone = Release|iPhone
		Release|iPhoneSimulator = Release|iPhoneSimulator
		Release|x64 = Release|x64
		Release|x86 = Release|x86
	EndGlobalSection
	GlobalSection(ProjectConfigurationPlatforms) = postSolution
		{61C135D6-26AE-45B8-8302-FC2B8306D658}.Debug|Any CPU.ActiveCfg = Debug|Any CPU
		{61C135D6-26AE-45B8-8302-FC2B8306D658}.Debug|Any CPU.Build.0 = Debug|Any CPU
		{61C135D6-26AE-45B8-8302-FC2B8306D658}.Debug|ARM.ActiveCfg = Debug|Any CPU
		{61C135D6-26AE-45B8-8302-FC2B8306D658}.Debug|ARM.Build.0 = Debug|Any CPU
		{61C135D6-26AE-45B8-8302-FC2B8306D658}.Debug|ARM64.ActiveCfg = Debug|Any CPU
		{61C135D6-26AE-45B8-8302-FC2B8306D658}.Debug|ARM64.Build.0 = Debug|Any CPU
		{61C135D6-26AE-45B8-8302-FC2B8306D658}.Debug|iPhone.ActiveCfg = Debug|Any CPU
		{61C135D6-26AE-45B8-8302-FC2B8306D658}.Debug|iPhone.Build.0 = Debug|Any CPU
		{61C135D6-26AE-45B8-8302-FC2B8306D658}.Debug|iPhoneSimulator.ActiveCfg = Debug|Any CPU
		{61C135D6-26AE-45B8-8302-FC2B8306D658}.Debug|iPhoneSimulator.Build.0 = Debug|Any CPU
		{61C135D6-26AE-45B8-8302-FC2B8306D658}.Debug|x64.ActiveCfg = Debug|Any CPU
		{61C135D6-26AE-45B8-8302-FC2B8306D658}.Debug|x64.Build.0 = Debug|Any CPU
		{61C135D6-26AE-45B8-8302-FC2B8306D658}.Debug|x86.ActiveCfg = Debug|Any CPU
		{61C135D6-26AE-45B8-8302-FC2B8306D658}.Debug|x86.Build.0 = Debug|Any CPU
		{61C135D6-26AE-45B8-8302-FC2B8306D658}.Release|Any CPU.ActiveCfg = Release|Any CPU
		{61C135D6-26AE-45B8-8302-FC2B8306D658}.Release|Any CPU.Build.0 = Release|Any CPU
		{61C135D6-26AE-45B8-8302-FC2B8306D658}.Release|ARM.ActiveCfg = Release|Any CPU
		{61C135D6-26AE-45B8-8302-FC2B8306D658}.Release|ARM.Build.0 = Release|Any CPU
		{61C135D6-26AE-45B8-8302-FC2B8306D658}.Release|ARM64.ActiveCfg = Release|Any CPU
		{61C135D6-26AE-45B8-8302-FC2B8306D658}.Release|ARM64.Build.0 = Release|Any CPU
		{61C135D6-26AE-45B8-8302-FC2B8306D658}.Release|iPhone.ActiveCfg = Release|Any CPU
		{61C135D6-26AE-45B8-8302-FC2B8306D658}.Release|iPhone.Build.0 = Release|Any CPU
		{61C135D6-26AE-45B8-8302-FC2B8306D658}.Release|iPhoneSimulator.ActiveCfg = Release|Any CPU
		{61C135D6-26AE-45B8-8302-FC2B8306D658}.Release|iPhoneSimulator.Build.0 = Release|Any CPU
		{61C135D6-26AE-45B8-8302-FC2B8306D658}.Release|x64.ActiveCfg = Release|Any CPU
		{61C135D6-26AE-45B8-8302-FC2B8306D658}.Release|x64.Build.0 = Release|Any CPU
		{61C135D6-26AE-45B8-8302-FC2B8306D658}.Release|x86.ActiveCfg = Release|Any CPU
		{61C135D6-26AE-45B8-8302-FC2B8306D658}.Release|x86.Build.0 = Release|Any CPU
		{86F859DC-4097-4E32-A48B-06A579E181F2}.Debug|Any CPU.ActiveCfg = Debug|Any CPU
		{86F859DC-4097-4E32-A48B-06A579E181F2}.Debug|Any CPU.Build.0 = Debug|Any CPU
		{86F859DC-4097-4E32-A48B-06A579E181F2}.Debug|ARM.ActiveCfg = Debug|ARM
		{86F859DC-4097-4E32-A48B-06A579E181F2}.Debug|ARM.Build.0 = Debug|ARM
		{86F859DC-4097-4E32-A48B-06A579E181F2}.Debug|ARM64.ActiveCfg = Debug|ARM64
		{86F859DC-4097-4E32-A48B-06A579E181F2}.Debug|ARM64.Build.0 = Debug|ARM64
		{86F859DC-4097-4E32-A48B-06A579E181F2}.Debug|iPhone.ActiveCfg = Debug|Any CPU
		{86F859DC-4097-4E32-A48B-06A579E181F2}.Debug|iPhone.Build.0 = Debug|Any CPU
		{86F859DC-4097-4E32-A48B-06A579E181F2}.Debug|iPhoneSimulator.ActiveCfg = Debug|Any CPU
		{86F859DC-4097-4E32-A48B-06A579E181F2}.Debug|iPhoneSimulator.Build.0 = Debug|Any CPU
		{86F859DC-4097-4E32-A48B-06A579E181F2}.Debug|x64.ActiveCfg = Debug|x64
		{86F859DC-4097-4E32-A48B-06A579E181F2}.Debug|x64.Build.0 = Debug|x64
		{86F859DC-4097-4E32-A48B-06A579E181F2}.Debug|x86.ActiveCfg = Debug|x86
		{86F859DC-4097-4E32-A48B-06A579E181F2}.Debug|x86.Build.0 = Debug|x86
		{86F859DC-4097-4E32-A48B-06A579E181F2}.Release|Any CPU.ActiveCfg = Release|Any CPU
		{86F859DC-4097-4E32-A48B-06A579E181F2}.Release|Any CPU.Build.0 = Release|Any CPU
		{86F859DC-4097-4E32-A48B-06A579E181F2}.Release|ARM.ActiveCfg = Release|ARM
		{86F859DC-4097-4E32-A48B-06A579E181F2}.Release|ARM.Build.0 = Release|ARM
		{86F859DC-4097-4E32-A48B-06A579E181F2}.Release|ARM64.ActiveCfg = Release|ARM64
		{86F859DC-4097-4E32-A48B-06A579E181F2}.Release|ARM64.Build.0 = Release|ARM64
		{86F859DC-4097-4E32-A48B-06A579E181F2}.Release|iPhone.ActiveCfg = Release|Any CPU
		{86F859DC-4097-4E32-A48B-06A579E181F2}.Release|iPhone.Build.0 = Release|Any CPU
		{86F859DC-4097-4E32-A48B-06A579E181F2}.Release|iPhoneSimulator.ActiveCfg = Release|Any CPU
		{86F859DC-4097-4E32-A48B-06A579E181F2}.Release|iPhoneSimulator.Build.0 = Release|Any CPU
		{86F859DC-4097-4E32-A48B-06A579E181F2}.Release|x64.ActiveCfg = Release|x64
		{86F859DC-4097-4E32-A48B-06A579E181F2}.Release|x64.Build.0 = Release|x64
		{86F859DC-4097-4E32-A48B-06A579E181F2}.Release|x86.ActiveCfg = Release|x86
		{86F859DC-4097-4E32-A48B-06A579E181F2}.Release|x86.Build.0 = Release|x86
		{0B9F9F3F-D05D-4420-A87B-ADAA73D48E30}.Debug|Any CPU.ActiveCfg = Debug|Any CPU
		{0B9F9F3F-D05D-4420-A87B-ADAA73D48E30}.Debug|Any CPU.Build.0 = Debug|Any CPU
		{0B9F9F3F-D05D-4420-A87B-ADAA73D48E30}.Debug|ARM.ActiveCfg = Debug|Any CPU
		{0B9F9F3F-D05D-4420-A87B-ADAA73D48E30}.Debug|ARM.Build.0 = Debug|Any CPU
		{0B9F9F3F-D05D-4420-A87B-ADAA73D48E30}.Debug|ARM64.ActiveCfg = Debug|Any CPU
		{0B9F9F3F-D05D-4420-A87B-ADAA73D48E30}.Debug|ARM64.Build.0 = Debug|Any CPU
		{0B9F9F3F-D05D-4420-A87B-ADAA73D48E30}.Debug|iPhone.ActiveCfg = Debug|Any CPU
		{0B9F9F3F-D05D-4420-A87B-ADAA73D48E30}.Debug|iPhone.Build.0 = Debug|Any CPU
		{0B9F9F3F-D05D-4420-A87B-ADAA73D48E30}.Debug|iPhoneSimulator.ActiveCfg = Debug|Any CPU
		{0B9F9F3F-D05D-4420-A87B-ADAA73D48E30}.Debug|iPhoneSimulator.Build.0 = Debug|Any CPU
		{0B9F9F3F-D05D-4420-A87B-ADAA73D48E30}.Debug|x64.ActiveCfg = Debug|Any CPU
		{0B9F9F3F-D05D-4420-A87B-ADAA73D48E30}.Debug|x64.Build.0 = Debug|Any CPU
		{0B9F9F3F-D05D-4420-A87B-ADAA73D48E30}.Debug|x86.ActiveCfg = Debug|Any CPU
		{0B9F9F3F-D05D-4420-A87B-ADAA73D48E30}.Debug|x86.Build.0 = Debug|Any CPU
		{0B9F9F3F-D05D-4420-A87B-ADAA73D48E30}.Release|Any CPU.ActiveCfg = Release|Any CPU
		{0B9F9F3F-D05D-4420-A87B-ADAA73D48E30}.Release|Any CPU.Build.0 = Release|Any CPU
		{0B9F9F3F-D05D-4420-A87B-ADAA73D48E30}.Release|ARM.ActiveCfg = Release|Any CPU
		{0B9F9F3F-D05D-4420-A87B-ADAA73D48E30}.Release|ARM.Build.0 = Release|Any CPU
		{0B9F9F3F-D05D-4420-A87B-ADAA73D48E30}.Release|ARM64.ActiveCfg = Release|Any CPU
		{0B9F9F3F-D05D-4420-A87B-ADAA73D48E30}.Release|ARM64.Build.0 = Release|Any CPU
		{0B9F9F3F-D05D-4420-A87B-ADAA73D48E30}.Release|iPhone.ActiveCfg = Release|Any CPU
		{0B9F9F3F-D05D-4420-A87B-ADAA73D48E30}.Release|iPhone.Build.0 = Release|Any CPU
		{0B9F9F3F-D05D-4420-A87B-ADAA73D48E30}.Release|iPhoneSimulator.ActiveCfg = Release|Any CPU
		{0B9F9F3F-D05D-4420-A87B-ADAA73D48E30}.Release|iPhoneSimulator.Build.0 = Release|Any CPU
		{0B9F9F3F-D05D-4420-A87B-ADAA73D48E30}.Release|x64.ActiveCfg = Release|Any CPU
		{0B9F9F3F-D05D-4420-A87B-ADAA73D48E30}.Release|x64.Build.0 = Release|Any CPU
		{0B9F9F3F-D05D-4420-A87B-ADAA73D48E30}.Release|x86.ActiveCfg = Release|Any CPU
		{0B9F9F3F-D05D-4420-A87B-ADAA73D48E30}.Release|x86.Build.0 = Release|Any CPU
		{988DC41F-CBDC-4AE3-9F9D-3F63BF5F0032}.Debug|Any CPU.ActiveCfg = Debug|x86
		{988DC41F-CBDC-4AE3-9F9D-3F63BF5F0032}.Debug|ARM.ActiveCfg = Debug|ARM
		{988DC41F-CBDC-4AE3-9F9D-3F63BF5F0032}.Debug|ARM.Build.0 = Debug|ARM
		{988DC41F-CBDC-4AE3-9F9D-3F63BF5F0032}.Debug|ARM.Deploy.0 = Debug|ARM
		{988DC41F-CBDC-4AE3-9F9D-3F63BF5F0032}.Debug|ARM64.ActiveCfg = Debug|x86
		{988DC41F-CBDC-4AE3-9F9D-3F63BF5F0032}.Debug|iPhone.ActiveCfg = Debug|x86
		{988DC41F-CBDC-4AE3-9F9D-3F63BF5F0032}.Debug|iPhoneSimulator.ActiveCfg = Debug|x86
		{988DC41F-CBDC-4AE3-9F9D-3F63BF5F0032}.Debug|x64.ActiveCfg = Debug|x64
		{988DC41F-CBDC-4AE3-9F9D-3F63BF5F0032}.Debug|x64.Build.0 = Debug|x64
		{988DC41F-CBDC-4AE3-9F9D-3F63BF5F0032}.Debug|x64.Deploy.0 = Debug|x64
		{988DC41F-CBDC-4AE3-9F9D-3F63BF5F0032}.Debug|x86.ActiveCfg = Debug|x86
		{988DC41F-CBDC-4AE3-9F9D-3F63BF5F0032}.Debug|x86.Build.0 = Debug|x86
		{988DC41F-CBDC-4AE3-9F9D-3F63BF5F0032}.Debug|x86.Deploy.0 = Debug|x86
		{988DC41F-CBDC-4AE3-9F9D-3F63BF5F0032}.Release|Any CPU.ActiveCfg = Release|x86
		{988DC41F-CBDC-4AE3-9F9D-3F63BF5F0032}.Release|ARM.ActiveCfg = Release|ARM
		{988DC41F-CBDC-4AE3-9F9D-3F63BF5F0032}.Release|ARM.Build.0 = Release|ARM
		{988DC41F-CBDC-4AE3-9F9D-3F63BF5F0032}.Release|ARM.Deploy.0 = Release|ARM
		{988DC41F-CBDC-4AE3-9F9D-3F63BF5F0032}.Release|ARM64.ActiveCfg = Release|x86
		{988DC41F-CBDC-4AE3-9F9D-3F63BF5F0032}.Release|iPhone.ActiveCfg = Release|x86
		{988DC41F-CBDC-4AE3-9F9D-3F63BF5F0032}.Release|iPhoneSimulator.ActiveCfg = Release|x86
		{988DC41F-CBDC-4AE3-9F9D-3F63BF5F0032}.Release|x64.ActiveCfg = Release|x64
		{988DC41F-CBDC-4AE3-9F9D-3F63BF5F0032}.Release|x64.Build.0 = Release|x64
		{988DC41F-CBDC-4AE3-9F9D-3F63BF5F0032}.Release|x64.Deploy.0 = Release|x64
		{988DC41F-CBDC-4AE3-9F9D-3F63BF5F0032}.Release|x86.ActiveCfg = Release|x86
		{988DC41F-CBDC-4AE3-9F9D-3F63BF5F0032}.Release|x86.Build.0 = Release|x86
		{988DC41F-CBDC-4AE3-9F9D-3F63BF5F0032}.Release|x86.Deploy.0 = Release|x86
		{6E2B0C44-9B92-4B43-AACE-74BB1EF84429}.Debug|Any CPU.ActiveCfg = Debug|Any CPU
		{6E2B0C44-9B92-4B43-AACE-74BB1EF84429}.Debug|Any CPU.Build.0 = Debug|Any CPU
		{6E2B0C44-9B92-4B43-AACE-74BB1EF84429}.Debug|Any CPU.Deploy.0 = Debug|Any CPU
		{6E2B0C44-9B92-4B43-AACE-74BB1EF84429}.Debug|ARM.ActiveCfg = Debug|Any CPU
		{6E2B0C44-9B92-4B43-AACE-74BB1EF84429}.Debug|ARM.Build.0 = Debug|Any CPU
		{6E2B0C44-9B92-4B43-AACE-74BB1EF84429}.Debug|ARM.Deploy.0 = Debug|Any CPU
		{6E2B0C44-9B92-4B43-AACE-74BB1EF84429}.Debug|ARM64.ActiveCfg = Debug|Any CPU
		{6E2B0C44-9B92-4B43-AACE-74BB1EF84429}.Debug|ARM64.Build.0 = Debug|Any CPU
		{6E2B0C44-9B92-4B43-AACE-74BB1EF84429}.Debug|ARM64.Deploy.0 = Debug|Any CPU
		{6E2B0C44-9B92-4B43-AACE-74BB1EF84429}.Debug|iPhone.ActiveCfg = Debug|Any CPU
		{6E2B0C44-9B92-4B43-AACE-74BB1EF84429}.Debug|iPhone.Build.0 = Debug|Any CPU
		{6E2B0C44-9B92-4B43-AACE-74BB1EF84429}.Debug|iPhone.Deploy.0 = Debug|Any CPU
		{6E2B0C44-9B92-4B43-AACE-74BB1EF84429}.Debug|iPhoneSimulator.ActiveCfg = Debug|Any CPU
		{6E2B0C44-9B92-4B43-AACE-74BB1EF84429}.Debug|iPhoneSimulator.Build.0 = Debug|Any CPU
		{6E2B0C44-9B92-4B43-AACE-74BB1EF84429}.Debug|iPhoneSimulator.Deploy.0 = Debug|Any CPU
		{6E2B0C44-9B92-4B43-AACE-74BB1EF84429}.Debug|x64.ActiveCfg = Debug|Any CPU
		{6E2B0C44-9B92-4B43-AACE-74BB1EF84429}.Debug|x64.Build.0 = Debug|Any CPU
		{6E2B0C44-9B92-4B43-AACE-74BB1EF84429}.Debug|x64.Deploy.0 = Debug|Any CPU
		{6E2B0C44-9B92-4B43-AACE-74BB1EF84429}.Debug|x86.ActiveCfg = Debug|Any CPU
		{6E2B0C44-9B92-4B43-AACE-74BB1EF84429}.Debug|x86.Build.0 = Debug|Any CPU
		{6E2B0C44-9B92-4B43-AACE-74BB1EF84429}.Debug|x86.Deploy.0 = Debug|Any CPU
		{6E2B0C44-9B92-4B43-AACE-74BB1EF84429}.Release|Any CPU.ActiveCfg = Release|Any CPU
		{6E2B0C44-9B92-4B43-AACE-74BB1EF84429}.Release|Any CPU.Build.0 = Release|Any CPU
		{6E2B0C44-9B92-4B43-AACE-74BB1EF84429}.Release|Any CPU.Deploy.0 = Release|Any CPU
		{6E2B0C44-9B92-4B43-AACE-74BB1EF84429}.Release|ARM.ActiveCfg = Release|Any CPU
		{6E2B0C44-9B92-4B43-AACE-74BB1EF84429}.Release|ARM.Build.0 = Release|Any CPU
		{6E2B0C44-9B92-4B43-AACE-74BB1EF84429}.Release|ARM.Deploy.0 = Release|Any CPU
		{6E2B0C44-9B92-4B43-AACE-74BB1EF84429}.Release|ARM64.ActiveCfg = Release|Any CPU
		{6E2B0C44-9B92-4B43-AACE-74BB1EF84429}.Release|ARM64.Build.0 = Release|Any CPU
		{6E2B0C44-9B92-4B43-AACE-74BB1EF84429}.Release|ARM64.Deploy.0 = Release|Any CPU
		{6E2B0C44-9B92-4B43-AACE-74BB1EF84429}.Release|iPhone.ActiveCfg = Release|Any CPU
		{6E2B0C44-9B92-4B43-AACE-74BB1EF84429}.Release|iPhone.Build.0 = Release|Any CPU
		{6E2B0C44-9B92-4B43-AACE-74BB1EF84429}.Release|iPhone.Deploy.0 = Release|Any CPU
		{6E2B0C44-9B92-4B43-AACE-74BB1EF84429}.Release|iPhoneSimulator.ActiveCfg = Release|Any CPU
		{6E2B0C44-9B92-4B43-AACE-74BB1EF84429}.Release|iPhoneSimulator.Build.0 = Release|Any CPU
		{6E2B0C44-9B92-4B43-AACE-74BB1EF84429}.Release|iPhoneSimulator.Deploy.0 = Release|Any CPU
		{6E2B0C44-9B92-4B43-AACE-74BB1EF84429}.Release|x64.ActiveCfg = Release|Any CPU
		{6E2B0C44-9B92-4B43-AACE-74BB1EF84429}.Release|x64.Build.0 = Release|Any CPU
		{6E2B0C44-9B92-4B43-AACE-74BB1EF84429}.Release|x64.Deploy.0 = Release|Any CPU
		{6E2B0C44-9B92-4B43-AACE-74BB1EF84429}.Release|x86.ActiveCfg = Release|Any CPU
		{6E2B0C44-9B92-4B43-AACE-74BB1EF84429}.Release|x86.Build.0 = Release|Any CPU
		{6E2B0C44-9B92-4B43-AACE-74BB1EF84429}.Release|x86.Deploy.0 = Release|Any CPU
		{F2AFB552-0D9E-4CD3-997B-CDA4D3227B6E}.Debug|Any CPU.ActiveCfg = Debug|iPhoneSimulator
		{F2AFB552-0D9E-4CD3-997B-CDA4D3227B6E}.Debug|ARM.ActiveCfg = Debug|iPhoneSimulator
		{F2AFB552-0D9E-4CD3-997B-CDA4D3227B6E}.Debug|ARM64.ActiveCfg = Debug|iPhoneSimulator
		{F2AFB552-0D9E-4CD3-997B-CDA4D3227B6E}.Debug|iPhone.ActiveCfg = Debug|iPhone
		{F2AFB552-0D9E-4CD3-997B-CDA4D3227B6E}.Debug|iPhone.Build.0 = Debug|iPhone
		{F2AFB552-0D9E-4CD3-997B-CDA4D3227B6E}.Debug|iPhoneSimulator.ActiveCfg = Debug|iPhoneSimulator
		{F2AFB552-0D9E-4CD3-997B-CDA4D3227B6E}.Debug|iPhoneSimulator.Build.0 = Debug|iPhoneSimulator
		{F2AFB552-0D9E-4CD3-997B-CDA4D3227B6E}.Debug|x64.ActiveCfg = Debug|iPhoneSimulator
		{F2AFB552-0D9E-4CD3-997B-CDA4D3227B6E}.Debug|x86.ActiveCfg = Debug|iPhoneSimulator
		{F2AFB552-0D9E-4CD3-997B-CDA4D3227B6E}.Release|Any CPU.ActiveCfg = Release|iPhoneSimulator
		{F2AFB552-0D9E-4CD3-997B-CDA4D3227B6E}.Release|ARM.ActiveCfg = Release|iPhoneSimulator
		{F2AFB552-0D9E-4CD3-997B-CDA4D3227B6E}.Release|ARM64.ActiveCfg = Release|iPhoneSimulator
		{F2AFB552-0D9E-4CD3-997B-CDA4D3227B6E}.Release|iPhone.ActiveCfg = Release|iPhone
		{F2AFB552-0D9E-4CD3-997B-CDA4D3227B6E}.Release|iPhone.Build.0 = Release|iPhone
		{F2AFB552-0D9E-4CD3-997B-CDA4D3227B6E}.Release|iPhoneSimulator.ActiveCfg = Release|iPhoneSimulator
		{F2AFB552-0D9E-4CD3-997B-CDA4D3227B6E}.Release|iPhoneSimulator.Build.0 = Release|iPhoneSimulator
		{F2AFB552-0D9E-4CD3-997B-CDA4D3227B6E}.Release|x64.ActiveCfg = Release|iPhoneSimulator
		{F2AFB552-0D9E-4CD3-997B-CDA4D3227B6E}.Release|x86.ActiveCfg = Release|iPhoneSimulator
		{E360925A-BCA3-4AC6-A404-1CDD25D1A259}.Debug|Any CPU.ActiveCfg = Debug|Any CPU
		{E360925A-BCA3-4AC6-A404-1CDD25D1A259}.Debug|Any CPU.Build.0 = Debug|Any CPU
		{E360925A-BCA3-4AC6-A404-1CDD25D1A259}.Debug|ARM.ActiveCfg = Debug|Any CPU
		{E360925A-BCA3-4AC6-A404-1CDD25D1A259}.Debug|ARM.Build.0 = Debug|Any CPU
		{E360925A-BCA3-4AC6-A404-1CDD25D1A259}.Debug|ARM64.ActiveCfg = Debug|Any CPU
		{E360925A-BCA3-4AC6-A404-1CDD25D1A259}.Debug|ARM64.Build.0 = Debug|Any CPU
		{E360925A-BCA3-4AC6-A404-1CDD25D1A259}.Debug|iPhone.ActiveCfg = Debug|Any CPU
		{E360925A-BCA3-4AC6-A404-1CDD25D1A259}.Debug|iPhone.Build.0 = Debug|Any CPU
		{E360925A-BCA3-4AC6-A404-1CDD25D1A259}.Debug|iPhoneSimulator.ActiveCfg = Debug|Any CPU
		{E360925A-BCA3-4AC6-A404-1CDD25D1A259}.Debug|iPhoneSimulator.Build.0 = Debug|Any CPU
		{E360925A-BCA3-4AC6-A404-1CDD25D1A259}.Debug|x64.ActiveCfg = Debug|Any CPU
		{E360925A-BCA3-4AC6-A404-1CDD25D1A259}.Debug|x64.Build.0 = Debug|Any CPU
		{E360925A-BCA3-4AC6-A404-1CDD25D1A259}.Debug|x86.ActiveCfg = Debug|Any CPU
		{E360925A-BCA3-4AC6-A404-1CDD25D1A259}.Debug|x86.Build.0 = Debug|Any CPU
		{E360925A-BCA3-4AC6-A404-1CDD25D1A259}.Release|Any CPU.ActiveCfg = Release|Any CPU
		{E360925A-BCA3-4AC6-A404-1CDD25D1A259}.Release|Any CPU.Build.0 = Release|Any CPU
		{E360925A-BCA3-4AC6-A404-1CDD25D1A259}.Release|ARM.ActiveCfg = Release|Any CPU
		{E360925A-BCA3-4AC6-A404-1CDD25D1A259}.Release|ARM.Build.0 = Release|Any CPU
		{E360925A-BCA3-4AC6-A404-1CDD25D1A259}.Release|ARM64.ActiveCfg = Release|Any CPU
		{E360925A-BCA3-4AC6-A404-1CDD25D1A259}.Release|ARM64.Build.0 = Release|Any CPU
		{E360925A-BCA3-4AC6-A404-1CDD25D1A259}.Release|iPhone.ActiveCfg = Release|Any CPU
		{E360925A-BCA3-4AC6-A404-1CDD25D1A259}.Release|iPhone.Build.0 = Release|Any CPU
		{E360925A-BCA3-4AC6-A404-1CDD25D1A259}.Release|iPhoneSimulator.ActiveCfg = Release|Any CPU
		{E360925A-BCA3-4AC6-A404-1CDD25D1A259}.Release|iPhoneSimulator.Build.0 = Release|Any CPU
		{E360925A-BCA3-4AC6-A404-1CDD25D1A259}.Release|x64.ActiveCfg = Release|Any CPU
		{E360925A-BCA3-4AC6-A404-1CDD25D1A259}.Release|x64.Build.0 = Release|Any CPU
		{E360925A-BCA3-4AC6-A404-1CDD25D1A259}.Release|x86.ActiveCfg = Release|Any CPU
		{E360925A-BCA3-4AC6-A404-1CDD25D1A259}.Release|x86.Build.0 = Release|Any CPU
		{D14CBD0C-9D1E-4238-AF0B-6E201AC706E2}.Debug|Any CPU.ActiveCfg = Debug|Any CPU
		{D14CBD0C-9D1E-4238-AF0B-6E201AC706E2}.Debug|Any CPU.Build.0 = Debug|Any CPU
		{D14CBD0C-9D1E-4238-AF0B-6E201AC706E2}.Debug|ARM.ActiveCfg = Debug|Any CPU
		{D14CBD0C-9D1E-4238-AF0B-6E201AC706E2}.Debug|ARM.Build.0 = Debug|Any CPU
		{D14CBD0C-9D1E-4238-AF0B-6E201AC706E2}.Debug|ARM64.ActiveCfg = Debug|Any CPU
		{D14CBD0C-9D1E-4238-AF0B-6E201AC706E2}.Debug|ARM64.Build.0 = Debug|Any CPU
		{D14CBD0C-9D1E-4238-AF0B-6E201AC706E2}.Debug|iPhone.ActiveCfg = Debug|Any CPU
		{D14CBD0C-9D1E-4238-AF0B-6E201AC706E2}.Debug|iPhone.Build.0 = Debug|Any CPU
		{D14CBD0C-9D1E-4238-AF0B-6E201AC706E2}.Debug|iPhoneSimulator.ActiveCfg = Debug|Any CPU
		{D14CBD0C-9D1E-4238-AF0B-6E201AC706E2}.Debug|iPhoneSimulator.Build.0 = Debug|Any CPU
		{D14CBD0C-9D1E-4238-AF0B-6E201AC706E2}.Debug|x64.ActiveCfg = Debug|Any CPU
		{D14CBD0C-9D1E-4238-AF0B-6E201AC706E2}.Debug|x64.Build.0 = Debug|Any CPU
		{D14CBD0C-9D1E-4238-AF0B-6E201AC706E2}.Debug|x86.ActiveCfg = Debug|Any CPU
		{D14CBD0C-9D1E-4238-AF0B-6E201AC706E2}.Debug|x86.Build.0 = Debug|Any CPU
		{D14CBD0C-9D1E-4238-AF0B-6E201AC706E2}.Release|Any CPU.ActiveCfg = Release|Any CPU
		{D14CBD0C-9D1E-4238-AF0B-6E201AC706E2}.Release|Any CPU.Build.0 = Release|Any CPU
		{D14CBD0C-9D1E-4238-AF0B-6E201AC706E2}.Release|ARM.ActiveCfg = Release|Any CPU
		{D14CBD0C-9D1E-4238-AF0B-6E201AC706E2}.Release|ARM.Build.0 = Release|Any CPU
		{D14CBD0C-9D1E-4238-AF0B-6E201AC706E2}.Release|ARM64.ActiveCfg = Release|Any CPU
		{D14CBD0C-9D1E-4238-AF0B-6E201AC706E2}.Release|ARM64.Build.0 = Release|Any CPU
		{D14CBD0C-9D1E-4238-AF0B-6E201AC706E2}.Release|iPhone.ActiveCfg = Release|Any CPU
		{D14CBD0C-9D1E-4238-AF0B-6E201AC706E2}.Release|iPhone.Build.0 = Release|Any CPU
		{D14CBD0C-9D1E-4238-AF0B-6E201AC706E2}.Release|iPhoneSimulator.ActiveCfg = Release|Any CPU
		{D14CBD0C-9D1E-4238-AF0B-6E201AC706E2}.Release|iPhoneSimulator.Build.0 = Release|Any CPU
		{D14CBD0C-9D1E-4238-AF0B-6E201AC706E2}.Release|x64.ActiveCfg = Release|Any CPU
		{D14CBD0C-9D1E-4238-AF0B-6E201AC706E2}.Release|x64.Build.0 = Release|Any CPU
		{D14CBD0C-9D1E-4238-AF0B-6E201AC706E2}.Release|x86.ActiveCfg = Release|Any CPU
		{D14CBD0C-9D1E-4238-AF0B-6E201AC706E2}.Release|x86.Build.0 = Release|Any CPU
		{182C802B-19E3-46E3-84F8-FDC7FDCD0012}.Debug|Any CPU.ActiveCfg = Debug|Any CPU
		{182C802B-19E3-46E3-84F8-FDC7FDCD0012}.Debug|Any CPU.Build.0 = Debug|Any CPU
		{182C802B-19E3-46E3-84F8-FDC7FDCD0012}.Debug|ARM.ActiveCfg = Debug|Any CPU
		{182C802B-19E3-46E3-84F8-FDC7FDCD0012}.Debug|ARM.Build.0 = Debug|Any CPU
		{182C802B-19E3-46E3-84F8-FDC7FDCD0012}.Debug|ARM64.ActiveCfg = Debug|Any CPU
		{182C802B-19E3-46E3-84F8-FDC7FDCD0012}.Debug|ARM64.Build.0 = Debug|Any CPU
		{182C802B-19E3-46E3-84F8-FDC7FDCD0012}.Debug|iPhone.ActiveCfg = Debug|Any CPU
		{182C802B-19E3-46E3-84F8-FDC7FDCD0012}.Debug|iPhone.Build.0 = Debug|Any CPU
		{182C802B-19E3-46E3-84F8-FDC7FDCD0012}.Debug|iPhoneSimulator.ActiveCfg = Debug|Any CPU
		{182C802B-19E3-46E3-84F8-FDC7FDCD0012}.Debug|iPhoneSimulator.Build.0 = Debug|Any CPU
		{182C802B-19E3-46E3-84F8-FDC7FDCD0012}.Debug|x64.ActiveCfg = Debug|Any CPU
		{182C802B-19E3-46E3-84F8-FDC7FDCD0012}.Debug|x64.Build.0 = Debug|Any CPU
		{182C802B-19E3-46E3-84F8-FDC7FDCD0012}.Debug|x86.ActiveCfg = Debug|Any CPU
		{182C802B-19E3-46E3-84F8-FDC7FDCD0012}.Debug|x86.Build.0 = Debug|Any CPU
		{182C802B-19E3-46E3-84F8-FDC7FDCD0012}.Release|Any CPU.ActiveCfg = Release|Any CPU
		{182C802B-19E3-46E3-84F8-FDC7FDCD0012}.Release|Any CPU.Build.0 = Release|Any CPU
		{182C802B-19E3-46E3-84F8-FDC7FDCD0012}.Release|ARM.ActiveCfg = Release|Any CPU
		{182C802B-19E3-46E3-84F8-FDC7FDCD0012}.Release|ARM.Build.0 = Release|Any CPU
		{182C802B-19E3-46E3-84F8-FDC7FDCD0012}.Release|ARM64.ActiveCfg = Release|Any CPU
		{182C802B-19E3-46E3-84F8-FDC7FDCD0012}.Release|ARM64.Build.0 = Release|Any CPU
		{182C802B-19E3-46E3-84F8-FDC7FDCD0012}.Release|iPhone.ActiveCfg = Release|Any CPU
		{182C802B-19E3-46E3-84F8-FDC7FDCD0012}.Release|iPhone.Build.0 = Release|Any CPU
		{182C802B-19E3-46E3-84F8-FDC7FDCD0012}.Release|iPhoneSimulator.ActiveCfg = Release|Any CPU
		{182C802B-19E3-46E3-84F8-FDC7FDCD0012}.Release|iPhoneSimulator.Build.0 = Release|Any CPU
		{182C802B-19E3-46E3-84F8-FDC7FDCD0012}.Release|x64.ActiveCfg = Release|Any CPU
		{182C802B-19E3-46E3-84F8-FDC7FDCD0012}.Release|x64.Build.0 = Release|Any CPU
		{182C802B-19E3-46E3-84F8-FDC7FDCD0012}.Release|x86.ActiveCfg = Release|Any CPU
		{182C802B-19E3-46E3-84F8-FDC7FDCD0012}.Release|x86.Build.0 = Release|Any CPU
		{FCBBB45A-6495-4895-9AAC-F7E1F2889394}.Debug|Any CPU.ActiveCfg = Debug|Any CPU
		{FCBBB45A-6495-4895-9AAC-F7E1F2889394}.Debug|Any CPU.Build.0 = Debug|Any CPU
		{FCBBB45A-6495-4895-9AAC-F7E1F2889394}.Debug|ARM.ActiveCfg = Debug|Any CPU
		{FCBBB45A-6495-4895-9AAC-F7E1F2889394}.Debug|ARM.Build.0 = Debug|Any CPU
		{FCBBB45A-6495-4895-9AAC-F7E1F2889394}.Debug|ARM64.ActiveCfg = Debug|Any CPU
		{FCBBB45A-6495-4895-9AAC-F7E1F2889394}.Debug|ARM64.Build.0 = Debug|Any CPU
		{FCBBB45A-6495-4895-9AAC-F7E1F2889394}.Debug|iPhone.ActiveCfg = Debug|Any CPU
		{FCBBB45A-6495-4895-9AAC-F7E1F2889394}.Debug|iPhone.Build.0 = Debug|Any CPU
		{FCBBB45A-6495-4895-9AAC-F7E1F2889394}.Debug|iPhoneSimulator.ActiveCfg = Debug|Any CPU
		{FCBBB45A-6495-4895-9AAC-F7E1F2889394}.Debug|iPhoneSimulator.Build.0 = Debug|Any CPU
		{FCBBB45A-6495-4895-9AAC-F7E1F2889394}.Debug|x64.ActiveCfg = Debug|Any CPU
		{FCBBB45A-6495-4895-9AAC-F7E1F2889394}.Debug|x64.Build.0 = Debug|Any CPU
		{FCBBB45A-6495-4895-9AAC-F7E1F2889394}.Debug|x86.ActiveCfg = Debug|Any CPU
		{FCBBB45A-6495-4895-9AAC-F7E1F2889394}.Debug|x86.Build.0 = Debug|Any CPU
		{FCBBB45A-6495-4895-9AAC-F7E1F2889394}.Release|Any CPU.ActiveCfg = Release|Any CPU
		{FCBBB45A-6495-4895-9AAC-F7E1F2889394}.Release|Any CPU.Build.0 = Release|Any CPU
		{FCBBB45A-6495-4895-9AAC-F7E1F2889394}.Release|ARM.ActiveCfg = Release|Any CPU
		{FCBBB45A-6495-4895-9AAC-F7E1F2889394}.Release|ARM.Build.0 = Release|Any CPU
		{FCBBB45A-6495-4895-9AAC-F7E1F2889394}.Release|ARM64.ActiveCfg = Release|Any CPU
		{FCBBB45A-6495-4895-9AAC-F7E1F2889394}.Release|ARM64.Build.0 = Release|Any CPU
		{FCBBB45A-6495-4895-9AAC-F7E1F2889394}.Release|iPhone.ActiveCfg = Release|Any CPU
		{FCBBB45A-6495-4895-9AAC-F7E1F2889394}.Release|iPhone.Build.0 = Release|Any CPU
		{FCBBB45A-6495-4895-9AAC-F7E1F2889394}.Release|iPhoneSimulator.ActiveCfg = Release|Any CPU
		{FCBBB45A-6495-4895-9AAC-F7E1F2889394}.Release|iPhoneSimulator.Build.0 = Release|Any CPU
		{FCBBB45A-6495-4895-9AAC-F7E1F2889394}.Release|x64.ActiveCfg = Release|Any CPU
		{FCBBB45A-6495-4895-9AAC-F7E1F2889394}.Release|x64.Build.0 = Release|Any CPU
		{FCBBB45A-6495-4895-9AAC-F7E1F2889394}.Release|x86.ActiveCfg = Release|Any CPU
		{FCBBB45A-6495-4895-9AAC-F7E1F2889394}.Release|x86.Build.0 = Release|Any CPU
	EndGlobalSection
	GlobalSection(SolutionProperties) = preSolution
		HideSolutionNode = FALSE
	EndGlobalSection
	GlobalSection(NestedProjects) = preSolution
		{988DC41F-CBDC-4AE3-9F9D-3F63BF5F0032} = {820D6C80-120C-441F-80AC-0B84F6A6AFA7}
		{6E2B0C44-9B92-4B43-AACE-74BB1EF84429} = {820D6C80-120C-441F-80AC-0B84F6A6AFA7}
		{F2AFB552-0D9E-4CD3-997B-CDA4D3227B6E} = {820D6C80-120C-441F-80AC-0B84F6A6AFA7}
		{E360925A-BCA3-4AC6-A404-1CDD25D1A259} = {820D6C80-120C-441F-80AC-0B84F6A6AFA7}
		{D14CBD0C-9D1E-4238-AF0B-6E201AC706E2} = {820D6C80-120C-441F-80AC-0B84F6A6AFA7}
		{FCBBB45A-6495-4895-9AAC-F7E1F2889394} = {820D6C80-120C-441F-80AC-0B84F6A6AFA7}
	EndGlobalSection
	GlobalSection(ExtensibilityGlobals) = postSolution
		SolutionGuid = {3C19DCF4-C350-4901-A0B8-1480CD13BF72}
	EndGlobalSection
EndGlobal
